
Microsoft Visual Studio Solution File, Format Version 12.00
# Visual Studio Version 16
VisualStudioVersion = 16.0.31321.278
MinimumVisualStudioVersion = 10.0.40219.1
Project("{FAE04EC0-301F-11D3-BF4B-00C04F79EFBC}") = "MVVM.Android", "MVVM.Android\MVVM.Android.csproj", "{9B756634-58F1-4BBA-BA5C-AE4971F4784D}"
EndProject
Project("{FAE04EC0-301F-11D3-BF4B-00C04F79EFBC}") = "MVVM.iOS", "MVVM.iOS\MVVM.iOS.csproj", "{8B88156D-F7C5-4CF4-BF17-40D89E23B8EE}"
EndProject
Project("{FAE04EC0-301F-11D3-BF4B-00C04F79EFBC}") = "MVVM", "MVVM\MVVM.csproj", "{E48FAED5-7353-4BF1-AFB2-07BCB0A92FEA}"
EndProject
Global
	GlobalSection(SolutionConfigurationPlatforms) = preSolution
		Debug|Any CPU = Debug|Any CPU
		Debug|iPhone = Debug|iPhone
		Debug|iPhoneSimulator = Debug|iPhoneSimulator
		Release|Any CPU = Release|Any CPU
		Release|iPhone = Release|iPhone
		Release|iPhoneSimulator = Release|iPhoneSimulator
	EndGlobalSection
	GlobalSection(ProjectConfigurationPlatforms) = postSolution
		{9B756634-58F1-4BBA-BA5C-AE4971F4784D}.Debug|Any CPU.ActiveCfg = Debug|Any CPU
		{9B756634-58F1-4BBA-BA5C-AE4971F4784D}.Debug|Any CPU.Build.0 = Debug|Any CPU
		{9B756634-58F1-4BBA-BA5C-AE4971F4784D}.Debug|Any CPU.Deploy.0 = Debug|Any CPU
		{9B756634-58F1-4BBA-BA5C-AE4971F4784D}.Debug|iPhone.ActiveCfg = Debug|Any CPU
		{9B756634-58F1-4BBA-BA5C-AE4971F4784D}.Debug|iPhone.Build.0 = Debug|Any CPU
		{9B756634-58F1-4BBA-BA5C-AE4971F4784D}.Debug|iPhone.Deploy.0 = Debug|Any CPU
		{9B756634-58F1-4BBA-BA5C-AE4971F4784D}.Debug|iPhoneSimulator.ActiveCfg = Debug|Any CPU
		{9B756634-58F1-4BBA-BA5C-AE4971F4784D}.Debug|iPhoneSimulator.Build.0 = Debug|Any CPU
		{9B756634-58F1-4BBA-BA5C-AE4971F4784D}.Debug|iPhoneSimulator.Deploy.0 = Debug|Any CPU
		{9B756634-58F1-4BBA-BA5C-AE4971F4784D}.Release|Any CPU.ActiveCfg = Release|Any CPU
		{9B756634-58F1-4BBA-BA5C-AE4971F4784D}.Release|Any CPU.Build.0 = Release|Any CPU
		{9B756634-58F1-4BBA-BA5C-AE4971F4784D}.Release|Any CPU.Deploy.0 = Release|Any CPU
		{9B756634-58F1-4BBA-BA5C-AE4971F4784D}.Release|iPhone.ActiveCfg = Release|Any CPU
		{9B756634-58F1-4BBA-BA5C-AE4971F4784D}.Release|iPhone.Build.0 = Release|Any CPU
		{9B756634-58F1-4BBA-BA5C-AE4971F4784D}.Release|iPhone.Deploy.0 = Release|Any CPU
		{9B756634-58F1-4BBA-BA5C-AE4971F4784D}.Release|iPhoneSimulator.ActiveCfg = Release|Any CPU
		{9B756634-58F1-4BBA-BA5C-AE4971F4784D}.Release|iPhoneSimulator.Build.0 = Release|Any CPU
		{9B756634-58F1-4BBA-BA5C-AE4971F4784D}.Release|iPhoneSimulator.Deploy.0 = Release|Any CPU
		{8B88156D-F7C5-4CF4-BF17-40D89E23B8EE}.Debug|Any CPU.ActiveCfg = Debug|iPhone
		{8B88156D-F7C5-4CF4-BF17-40D89E23B8EE}.Debug|Any CPU.Build.0 = Debug|iPhone
		{8B88156D-F7C5-4CF4-BF17-40D89E23B8EE}.Debug|Any CPU.Deploy.0 = Debug|iPhone
		{8B88156D-F7C5-4CF4-BF17-40D89E23B8EE}.Debug|iPhone.ActiveCfg = Debug|iPhone
		{8B88156D-F7C5-4CF4-BF17-40D89E23B8EE}.Debug|iPhone.Build.0 = Debug|iPhone
		{8B88156D-F7C5-4CF4-BF17-40D89E23B8EE}.Debug|iPhone.Deploy.0 = Debug|iPhone
		{8B88156D-F7C5-4CF4-BF17-40D89E23B8EE}.Debug|iPhoneSimulator.ActiveCfg = Debug|iPhoneSimulator
		{8B88156D-F7C5-4CF4-BF17-40D89E23B8EE}.Debug|iPhoneSimulator.Build.0 = Debug|iPhoneSimulator
		{8B88156D-F7C5-4CF4-BF17-40D89E23B8EE}.Debug|iPhoneSimulator.Deploy.0 = Debug|iPhoneSimulator
		{8B88156D-F7C5-4CF4-BF17-40D89E23B8EE}.Release|Any CPU.ActiveCfg = Release|iPhoneSimulator
		{8B88156D-F7C5-4CF4-BF17-40D89E23B8EE}.Release|Any CPU.Build.0 = Release|iPhoneSimulator
		{8B88156D-F7C5-4CF4-BF17-40D89E23B8EE}.Release|Any CPU.Deploy.0 = Release|iPhoneSimulator
		{8B88156D-F7C5-4CF4-BF17-40D89E23B8EE}.Release|iPhone.ActiveCfg = Release|iPhone
		{8B88156D-F7C5-4CF4-BF17-40D89E23B8EE}.Release|iPhone.Build.0 = Release|iPhone
		{8B88156D-F7C5-4CF4-BF17-40D89E23B8EE}.Release|iPhone.Deploy.0 = Release|iPhone
		{8B88156D-F7C5-4CF4-BF17-40D89E23B8EE}.Release|iPhoneSimulator.ActiveCfg = Release|iPhoneSimulator
		{8B88156D-F7C5-4CF4-BF17-40D89E23B8EE}.Release|iPhoneSimulator.Build.0 = Release|iPhoneSimulator
		{8B88156D-F7C5-4CF4-BF17-40D89E23B8EE}.Release|iPhoneSimulator.Deploy.0 = Release|iPhoneSimulator
		{E48FAED5-7353-4BF1-AFB2-07BCB0A92FEA}.Debug|Any CPU.ActiveCfg = Debug|Any CPU
		{E48FAED5-7353-4BF1-AFB2-07BCB0A92FEA}.Debug|Any CPU.Build.0 = Debug|Any CPU
		{E48FAED5-7353-4BF1-AFB2-07BCB0A92FEA}.Debug|Any CPU.Deploy.0 = Debug|Any CPU
		{E48FAED5-7353-4BF1-AFB2-07BCB0A92FEA}.Debug|iPhone.ActiveCfg = Debug|Any CPU
		{E48FAED5-7353-4BF1-AFB2-07BCB0A92FEA}.Debug|iPhone.Build.0 = Debug|Any CPU
		{E48FAED5-7353-4BF1-AFB2-07BCB0A92FEA}.Debug|iPhone.Deploy.0 = Debug|Any CPU
		{E48FAED5-7353-4BF1-AFB2-07BCB0A92FEA}.Debug|iPhoneSimulator.ActiveCfg = Debug|Any CPU
		{E48FAED5-7353-4BF1-AFB2-07BCB0A92FEA}.Debug|iPhoneSimulator.Build.0 = Debug|Any CPU
		{E48FAED5-7353-4BF1-AFB2-07BCB0A92FEA}.Debug|iPhoneSimulator.Deploy.0 = Debug|Any CPU
		{E48FAED5-7353-4BF1-AFB2-07BCB0A92FEA}.Release|Any CPU.ActiveCfg = Release|Any CPU
		{E48FAED5-7353-4BF1-AFB2-07BCB0A92FEA}.Release|Any CPU.Build.0 = Release|Any CPU
		{E48FAED5-7353-4BF1-AFB2-07BCB0A92FEA}.Release|Any CPU.Deploy.0 = Release|Any CPU
		{E48FAED5-7353-4BF1-AFB2-07BCB0A92FEA}.Release|iPhone.ActiveCfg = Release|Any CPU
		{E48FAED5-7353-4BF1-AFB2-07BCB0A92FEA}.Release|iPhone.Build.0 = Release|Any CPU
		{E48FAED5-7353-4BF1-AFB2-07BCB0A92FEA}.Release|iPhone.Deploy.0 = Release|Any CPU
		{E48FAED5-7353-4BF1-AFB2-07BCB0A92FEA}.Release|iPhoneSimulator.ActiveCfg = Release|Any CPU
		{E48FAED5-7353-4BF1-AFB2-07BCB0A92FEA}.Release|iPhoneSimulator.Build.0 = Release|Any CPU
		{E48FAED5-7353-4BF1-AFB2-07BCB0A92FEA}.Release|iPhoneSimulator.Deploy.0 = Release|Any CPU
	EndGlobalSection
	GlobalSection(SolutionProperties) = preSolution
		HideSolutionNode = FALSE
	EndGlobalSection
	GlobalSection(ExtensibilityGlobals) = postSolution
		SolutionGuid = {677E0068-1519-4ADD-A094-65A494FF4F77}
	EndGlobalSection
EndGlobal
